// !$*UTF8*$!
{
	archiveVersion = 1;
	classes = {
	};
	objectVersion = 56;
	objects = {

/* Begin PBXBuildFile section */
		AA00000100000001 /* main.m in Sources */ = {isa = PBXBuildFile; fileRef = BB00000100000001 /* main.m */; };
		AA00000200000002 /* AppDelegate.mm in Sources */ = {isa = PBXBuildFile; fileRef = BB00000200000002 /* AppDelegate.mm */; };
		AA00000300000003 /* PrimeEngine.cpp in Sources */ = {isa = PBXBuildFile; fileRef = BB00000300000003 /* PrimeEngine.cpp */; };
		AA00000400000004 /* Cocoa.framework in Frameworks */ = {isa = PBXBuildFile; fileRef = BB00000600000006 /* Cocoa.framework */; };
		AA00000500000005 /* Metal.framework in Frameworks */ = {isa = PBXBuildFile; fileRef = BB00001000000010 /* Metal.framework */; };
		AA00000700000007 /* MetalCompute.mm in Sources */ = {isa = PBXBuildFile; fileRef = BB00000900000009 /* MetalCompute.mm */; };
		AA00000800000008 /* MetalBridge.mm in Sources */ = {isa = PBXBuildFile; fileRef = BB00001100000011 /* MetalBridge.mm */; };
		AA00000900000009 /* TaskManager.mm in Sources */ = {isa = PBXBuildFile; fileRef = BB00000B0000000B /* TaskManager.mm */; };
		AA00001000000010 /* PrimeShaders.metal in Sources */ = {isa = PBXBuildFile; fileRef = BB00000D0000000D /* PrimeShaders.metal */; };
		AA00001100000011 /* GPUBackend.cpp in Sources */ = {isa = PBXBuildFile; fileRef = BB00001200000012 /* GPUBackend.cpp */; };
		AA00001200000012 /* MetalBackend.mm in Sources */ = {isa = PBXBuildFile; fileRef = BB00001300000013 /* MetalBackend.mm */; };
		AA00001300000013 /* MatrixSieve.cpp in Sources */ = {isa = PBXBuildFile; fileRef = BB00001500000015 /* MatrixSieve.cpp */; };
		AA00001400000014 /* Accelerate.framework in Frameworks */ = {isa = PBXBuildFile; fileRef = BB00001800000018 /* Accelerate.framework */; };
		AA00001500000015 /* Benchmark.cpp in Sources */ = {isa = PBXBuildFile; fileRef = BB0000220000001C /* Benchmark.cpp */; };
		AA00002000000020 /* BonjourService.mm in Sources */ = {isa = PBXBuildFile; fileRef = BB00003000000030 /* BonjourService.mm */; };
		AA00002100000021 /* CarriageClient.mm in Sources */ = {isa = PBXBuildFile; fileRef = BB00003100000031 /* CarriageClient.mm */; };
		AA00002200000022 /* ConductorServer.mm in Sources */ = {isa = PBXBuildFile; fileRef = BB00003200000032 /* ConductorServer.mm */; };
		AA00002300000023 /* TCPSocket.cpp in Sources */ = {isa = PBXBuildFile; fileRef = BB00003300000033 /* TCPSocket.cpp */; };
		AA00002400000024 /* PrimeNetClient.mm in Sources */ = {isa = PBXBuildFile; fileRef = BB00003A0000003A /* PrimeNetClient.mm */; };
		AA00002500000025 /* LoadBalancer.cpp in Sources */ = {isa = PBXBuildFile; fileRef = BB00003C0000003C /* LoadBalancer.cpp */; };
		AA00002600000026 /* IOKit.framework in Frameworks */ = {isa = PBXBuildFile; fileRef = BB00003E0000003E /* IOKit.framework */; };
		AA00002700000027 /* AppIcon.icns in Resources */ = {isa = PBXBuildFile; fileRef = BB00003F0000003F /* AppIcon.icns */; };
/* End PBXBuildFile section */

/* Begin PBXFileReference section */
		BB00000100000001 /* main.m */ = {isa = PBXFileReference; lastKnownFileType = sourcecode.c.objc; path = main.m; sourceTree = "<group>"; };
		BB00000200000002 /* AppDelegate.mm */ = {isa = PBXFileReference; lastKnownFileType = sourcecode.cpp.objcpp; path = AppDelegate.mm; sourceTree = "<group>"; };
		BB00000300000003 /* PrimeEngine.cpp */ = {isa = PBXFileReference; lastKnownFileType = sourcecode.cpp.cpp; path = PrimeEngine.cpp; sourceTree = "<group>"; };
		BB00000400000004 /* PrimeEngine.hpp */ = {isa = PBXFileReference; lastKnownFileType = sourcecode.cpp.h; path = PrimeEngine.hpp; sourceTree = "<group>"; };
		BB00000500000005 /* AppDelegate.h */ = {isa = PBXFileReference; lastKnownFileType = sourcecode.c.h; path = AppDelegate.h; sourceTree = "<group>"; };
		BB00000600000006 /* Cocoa.framework */ = {isa = PBXFileReference; lastKnownFileType = wrapper.framework; name = Cocoa.framework; path = System/Library/Frameworks/Cocoa.framework; sourceTree = SDKROOT; };
		BB00000700000007 /* Info.plist */ = {isa = PBXFileReference; lastKnownFileType = text.plist.xml; path = Info.plist; sourceTree = "<group>"; };
		BB00000800000008 /* MetalCompute.h */ = {isa = PBXFileReference; lastKnownFileType = sourcecode.c.h; path = MetalCompute.h; sourceTree = "<group>"; };
		BB00000900000009 /* MetalCompute.mm */ = {isa = PBXFileReference; lastKnownFileType = sourcecode.cpp.objcpp; path = MetalCompute.mm; sourceTree = "<group>"; };
		BB00000A0000000A /* TaskManager.hpp */ = {isa = PBXFileReference; lastKnownFileType = sourcecode.cpp.h; path = TaskManager.hpp; sourceTree = "<group>"; };
		BB00000B0000000B /* TaskManager.mm */ = {isa = PBXFileReference; lastKnownFileType = sourcecode.cpp.objcpp; path = TaskManager.mm; sourceTree = "<group>"; };
		BB00000D0000000D /* PrimeShaders.metal */ = {isa = PBXFileReference; lastKnownFileType = sourcecode.metal; path = PrimeShaders.metal; sourceTree = "<group>"; };
		BB00000E0000000E /* PrimePath.app */ = {isa = PBXFileReference; explicitFileType = wrapper.application; includeInIndex = 0; path = PrimePath.app; sourceTree = BUILT_PRODUCTS_DIR; };
		BB00001000000010 /* Metal.framework */ = {isa = PBXFileReference; lastKnownFileType = wrapper.framework; name = Metal.framework; path = System/Library/Frameworks/Metal.framework; sourceTree = SDKROOT; };
		BB00001100000011 /* MetalBridge.mm */ = {isa = PBXFileReference; lastKnownFileType = sourcecode.cpp.objcpp; path = MetalBridge.mm; sourceTree = "<group>"; };
		BB00001200000012 /* GPUBackend.cpp */ = {isa = PBXFileReference; lastKnownFileType = sourcecode.cpp.cpp; path = GPUBackend.cpp; sourceTree = "<group>"; };
		BB00001300000013 /* MetalBackend.mm */ = {isa = PBXFileReference; lastKnownFileType = sourcecode.cpp.objcpp; path = MetalBackend.mm; sourceTree = "<group>"; };
		BB00001400000014 /* GPUBackend.hpp */ = {isa = PBXFileReference; lastKnownFileType = sourcecode.cpp.h; path = GPUBackend.hpp; sourceTree = "<group>"; };
		BB00001500000015 /* MatrixSieve.cpp */ = {isa = PBXFileReference; lastKnownFileType = sourcecode.cpp.cpp; path = MatrixSieve.cpp; sourceTree = "<group>"; };
		BB00001600000016 /* MatrixSieve.hpp */ = {isa = PBXFileReference; lastKnownFileType = sourcecode.cpp.h; path = MatrixSieve.hpp; sourceTree = "<group>"; };
		BB00001700000017 /* ThreadPool.hpp */ = {isa = PBXFileReference; lastKnownFileType = sourcecode.cpp.h; path = ThreadPool.hpp; sourceTree = "<group>"; };
		BB00001800000018 /* Accelerate.framework */ = {isa = PBXFileReference; lastKnownFileType = wrapper.framework; name = Accelerate.framework; path = System/Library/Frameworks/Accelerate.framework; sourceTree = SDKROOT; };
		BB00001900000019 /* KnownPrimes.hpp */ = {isa = PBXFileReference; lastKnownFileType = sourcecode.cpp.h; path = KnownPrimes.hpp; sourceTree = "<group>"; };
		BB0000200000001A /* PseudoprimePredictor.hpp */ = {isa = PBXFileReference; lastKnownFileType = sourcecode.cpp.h; path = PseudoprimePredictor.hpp; sourceTree = "<group>"; };
		BB0000210000001B /* EvenShadow.hpp */ = {isa = PBXFileReference; lastKnownFileType = sourcecode.cpp.h; path = EvenShadow.hpp; sourceTree = "<group>"; };
		BB0000220000001C /* Benchmark.cpp */ = {isa = PBXFileReference; lastKnownFileType = sourcecode.cpp.cpp; path = Benchmark.cpp; sourceTree = "<group>"; };
		BB0000230000001D /* Benchmark.hpp */ = {isa = PBXFileReference; lastKnownFileType = sourcecode.cpp.h; path = Benchmark.hpp; sourceTree = "<group>"; };
		BB00003000000030 /* BonjourService.mm */ = {isa = PBXFileReference; lastKnownFileType = sourcecode.cpp.objcpp; path = BonjourService.mm; sourceTree = "<group>"; };
		BB00003100000031 /* CarriageClient.mm */ = {isa = PBXFileReference; lastKnownFileType = sourcecode.cpp.objcpp; path = CarriageClient.mm; sourceTree = "<group>"; };
		BB00003200000032 /* ConductorServer.mm */ = {isa = PBXFileReference; lastKnownFileType = sourcecode.cpp.objcpp; path = ConductorServer.mm; sourceTree = "<group>"; };
		BB00003300000033 /* TCPSocket.cpp */ = {isa = PBXFileReference; lastKnownFileType = sourcecode.cpp.cpp; path = TCPSocket.cpp; sourceTree = "<group>"; };
		BB00003400000034 /* BonjourService.h */ = {isa = PBXFileReference; lastKnownFileType = sourcecode.c.h; path = BonjourService.h; sourceTree = "<group>"; };
		BB00003500000035 /* CarriageClient.hpp */ = {isa = PBXFileReference; lastKnownFileType = sourcecode.cpp.h; path = CarriageClient.hpp; sourceTree = "<group>"; };
		BB00003600000036 /* ConductorServer.hpp */ = {isa = PBXFileReference; lastKnownFileType = sourcecode.cpp.h; path = ConductorServer.hpp; sourceTree = "<group>"; };
		BB00003700000037 /* NetworkProtocol.hpp */ = {isa = PBXFileReference; lastKnownFileType = sourcecode.cpp.h; path = NetworkProtocol.hpp; sourceTree = "<group>"; };
		BB00003800000038 /* TCPSocket.hpp */ = {isa = PBXFileReference; lastKnownFileType = sourcecode.cpp.h; path = TCPSocket.hpp; sourceTree = "<group>"; };
		BB00003900000039 /* WorkSplitter.hpp */ = {isa = PBXFileReference; lastKnownFileType = sourcecode.cpp.h; path = WorkSplitter.hpp; sourceTree = "<group>"; };
		BB00003A0000003A /* PrimeNetClient.mm */ = {isa = PBXFileReference; lastKnownFileType = sourcecode.cpp.objcpp; path = PrimeNetClient.mm; sourceTree = "<group>"; };
		BB00003B0000003B /* PrimeNetClient.hpp */ = {isa = PBXFileReference; lastKnownFileType = sourcecode.cpp.h; path = PrimeNetClient.hpp; sourceTree = "<group>"; };
		BB00003C0000003C /* LoadBalancer.cpp */ = {isa = PBXFileReference; lastKnownFileType = sourcecode.cpp.cpp; path = LoadBalancer.cpp; sourceTree = "<group>"; };
		BB00003D0000003D /* LoadBalancer.hpp */ = {isa = PBXFileReference; lastKnownFileType = sourcecode.cpp.h; path = LoadBalancer.hpp; sourceTree = "<group>"; };
		BB00003E0000003E /* IOKit.framework */ = {isa = PBXFileReference; lastKnownFileType = wrapper.framework; name = IOKit.framework; path = System/Library/Frameworks/IOKit.framework; sourceTree = SDKROOT; };
		BB00003F0000003F /* AppIcon.icns */ = {isa = PBXFileReference; lastKnownFileType = image.icns; path = AppIcon.icns; sourceTree = "<group>"; };
/* End PBXFileReference section */

/* Begin PBXFrameworksBuildPhase section */
		CC00000100000001 /* Frameworks */ = {
			isa = PBXFrameworksBuildPhase;
			buildActionMask = 2147483647;
			files = (
				AA00000400000004 /* Cocoa.framework in Frameworks */,
				AA00000500000005 /* Metal.framework in Frameworks */,
				AA00001400000014 /* Accelerate.framework in Frameworks */,
				AA00002600000026 /* IOKit.framework in Frameworks */,
			);
			runOnlyForDeploymentPostprocessing = 0;
		};
/* End PBXFrameworksBuildPhase section */

/* Begin PBXResourcesBuildPhase section */
		CC00000200000002 /* Resources */ = {
			isa = PBXResourcesBuildPhase;
			buildActionMask = 2147483647;
			files = (
				AA00002700000027 /* AppIcon.icns in Resources */,
			);
			runOnlyForDeploymentPostprocessing = 0;
		};
/* End PBXResourcesBuildPhase section */

/* Begin PBXGroup section */
		DD00000100000001 = {
			isa = PBXGroup;
			children = (
				DD00000200000002 /* PrimePath */,
				DD00000300000003 /* Frameworks */,
				DD00000400000004 /* Products */,
			);
			sourceTree = "<group>";
		};
		DD00000200000002 /* PrimePath */ = {
			isa = PBXGroup;
			children = (
				BB00000100000001 /* main.m */,
				BB00000500000005 /* AppDelegate.h */,
				BB00000200000002 /* AppDelegate.mm */,
				BB00000400000004 /* PrimeEngine.hpp */,
				BB00000300000003 /* PrimeEngine.cpp */,
				BB00000800000008 /* MetalCompute.h */,
				BB00000900000009 /* MetalCompute.mm */,
				BB00001100000011 /* MetalBridge.mm */,
				BB00000A0000000A /* TaskManager.hpp */,
				BB00000B0000000B /* TaskManager.mm */,
				BB00000D0000000D /* PrimeShaders.metal */,
				BB00001400000014 /* GPUBackend.hpp */,
				BB00001200000012 /* GPUBackend.cpp */,
				BB00001300000013 /* MetalBackend.mm */,
				BB00001600000016 /* MatrixSieve.hpp */,
				BB00001500000015 /* MatrixSieve.cpp */,
				BB00001700000017 /* ThreadPool.hpp */,
				BB00001900000019 /* KnownPrimes.hpp */,
				BB0000200000001A /* PseudoprimePredictor.hpp */,
				BB0000210000001B /* EvenShadow.hpp */,
				BB00003D0000003D /* LoadBalancer.hpp */,
				BB00003C0000003C /* LoadBalancer.cpp */,
				BB0000230000001D /* Benchmark.hpp */,
				BB0000220000001C /* Benchmark.cpp */,
				DD00000500000005 /* Network */,
				BB00000700000007 /* Info.plist */,
			BB00003F0000003F /* AppIcon.icns */,
			);
			path = PrimePath;
			sourceTree = "<group>";
		};
		DD00000300000003 /* Frameworks */ = {
			isa = PBXGroup;
			children = (
				BB00000600000006 /* Cocoa.framework */,
				BB00001000000010 /* Metal.framework */,
				BB00001800000018 /* Accelerate.framework */,
				BB00003E0000003E /* IOKit.framework */,
			);
			name = Frameworks;
			sourceTree = "<group>";
		};
		DD00000400000004 /* Products */ = {
			isa = PBXGroup;
			children = (
				BB00000E0000000E /* PrimePath.app */,
			);
			name = Products;
			sourceTree = "<group>";
		};
		DD00000500000005 /* Network */ = {
			isa = PBXGroup;
			children = (
				BB00003400000034 /* BonjourService.h */,
				BB00003000000030 /* BonjourService.mm */,
				BB00003500000035 /* CarriageClient.hpp */,
				BB00003100000031 /* CarriageClient.mm */,
				BB00003600000036 /* ConductorServer.hpp */,
				BB00003200000032 /* ConductorServer.mm */,
				BB00003700000037 /* NetworkProtocol.hpp */,
				BB00003800000038 /* TCPSocket.hpp */,
				BB00003300000033 /* TCPSocket.cpp */,
				BB00003900000039 /* WorkSplitter.hpp */,
				BB00003B0000003B /* PrimeNetClient.hpp */,
				BB00003A0000003A /* PrimeNetClient.mm */,
			);
			path = Network;
			sourceTree = "<group>";
		};
/* End PBXGroup section */

/* Begin PBXNativeTarget section */
		EE00000100000001 /* PrimePath */ = {
			isa = PBXNativeTarget;
			buildConfigurationList = GG00000100000001 /* Build configuration list for PBXNativeTarget "PrimePath" */;
			buildPhases = (
				FF00000100000001 /* Sources */,
				CC00000100000001 /* Frameworks */,
				CC00000200000002 /* Resources */,
			);
			buildRules = (
			);
			dependencies = (
			);
			name = PrimePath;
			productName = PrimePath;
			productReference = BB00000E0000000E /* PrimePath.app */;
			productType = "com.apple.product-type.application";
		};
/* End PBXNativeTarget section */

/* Begin PBXProject section */
		HH00000100000001 /* Project object */ = {
			isa = PBXProject;
			attributes = {
				BuildIndependentTargetsInParallel = 1;
				LastUpgradeCheck = 1500;
			};
			buildConfigurationList = GG00000200000002 /* Build configuration list for PBXProject "PrimePath" */;
			compatibilityVersion = "Xcode 14.0";
			developmentRegion = en;
			hasScannedForEncodings = 0;
			knownRegions = (
				en,
				Base,
			);
			mainGroup = DD00000100000001;
			productRefGroup = DD00000400000004 /* Products */;
			projectDirPath = "";
			projectRoot = "";
			targets = (
				EE00000100000001 /* PrimePath */,
			);
		};
/* End PBXProject section */

/* Begin PBXSourcesBuildPhase section */
		FF00000100000001 /* Sources */ = {
			isa = PBXSourcesBuildPhase;
			buildActionMask = 2147483647;
			files = (
				AA00000100000001 /* main.m in Sources */,
				AA00000200000002 /* AppDelegate.mm in Sources */,
				AA00000300000003 /* PrimeEngine.cpp in Sources */,
				AA00000700000007 /* MetalCompute.mm in Sources */,
				AA00000800000008 /* MetalBridge.mm in Sources */,
				AA00000900000009 /* TaskManager.mm in Sources */,
				AA00001000000010 /* PrimeShaders.metal in Sources */,
				AA00001100000011 /* GPUBackend.cpp in Sources */,
				AA00001200000012 /* MetalBackend.mm in Sources */,
				AA00001300000013 /* MatrixSieve.cpp in Sources */,
				AA00001500000015 /* Benchmark.cpp in Sources */,
				AA00002000000020 /* BonjourService.mm in Sources */,
				AA00002100000021 /* CarriageClient.mm in Sources */,
				AA00002200000022 /* ConductorServer.mm in Sources */,
				AA00002300000023 /* TCPSocket.cpp in Sources */,
				AA00002400000024 /* PrimeNetClient.mm in Sources */,
				AA00002500000025 /* LoadBalancer.cpp in Sources */,
			);
			runOnlyForDeploymentPostprocessing = 0;
		};
/* End PBXSourcesBuildPhase section */

/* Begin XCBuildConfiguration section */
		II00000100000001 /* Debug */ = {
			isa = XCBuildConfiguration;
			buildSettings = {
				ALWAYS_SEARCH_USER_PATHS = NO;
				CLANG_CXX_LANGUAGE_STANDARD = "c++17";
				CLANG_ENABLE_MODULES = YES;
				CLANG_ENABLE_OBJC_ARC = YES;
				COPY_PHASE_STRIP = NO;
				DEBUG_INFORMATION_FORMAT = dwarf;
				GCC_OPTIMIZATION_LEVEL = 0;
				GCC_PREPROCESSOR_DEFINITIONS = (
					"DEBUG=1",
					"$(inherited)",
				);
				MACOSX_DEPLOYMENT_TARGET = 13.0;
				MTL_ENABLE_DEBUG_INFO = INCLUDE_SOURCE;
				ONLY_ACTIVE_ARCH = YES;
				SDKROOT = macosx;
			};
			name = Debug;
		};
		II00000200000002 /* Release */ = {
			isa = XCBuildConfiguration;
			buildSettings = {
				ALWAYS_SEARCH_USER_PATHS = NO;
				CLANG_CXX_LANGUAGE_STANDARD = "c++17";
				CLANG_ENABLE_MODULES = YES;
				CLANG_ENABLE_OBJC_ARC = YES;
				COPY_PHASE_STRIP = NO;
				DEBUG_INFORMATION_FORMAT = "dwarf-with-dsym";
				ENABLE_NS_ASSERTIONS = NO;
				GCC_OPTIMIZATION_LEVEL = 3;
				MACOSX_DEPLOYMENT_TARGET = 13.0;
				MTL_ENABLE_DEBUG_INFO = NO;
				MTL_FAST_MATH = YES;
				SDKROOT = macosx;
			};
			name = Release;
		};
		II00000300000003 /* Debug */ = {
			isa = XCBuildConfiguration;
			buildSettings = {
				ASSETCATALOG_COMPILER_APPICON_NAME = AppIcon;
				CODE_SIGN_STYLE = Automatic;
				COMBINE_HIDPI_IMAGES = YES;
				DEVELOPMENT_TEAM = TKYG23Q3ZF;
				INFOPLIST_FILE = PrimePath/Info.plist;
				LD_RUNPATH_SEARCH_PATHS = (
					"$(inherited)",
					"@executable_path/../Frameworks",
				);
				MTL_HEADER_SEARCH_PATHS = "$(SRCROOT)/PrimePath";
				PRODUCT_BUNDLE_IDENTIFIER = com.primes.PrimePath;
				PRODUCT_NAME = "$(TARGET_NAME)";
			};
			name = Debug;
		};
		II00000400000004 /* Release */ = {
			isa = XCBuildConfiguration;
			buildSettings = {
				ASSETCATALOG_COMPILER_APPICON_NAME = AppIcon;
				CODE_SIGN_STYLE = Automatic;
				COMBINE_HIDPI_IMAGES = YES;
				DEVELOPMENT_TEAM = TKYG23Q3ZF;
				INFOPLIST_FILE = PrimePath/Info.plist;
				LD_RUNPATH_SEARCH_PATHS = (
					"$(inherited)",
					"@executable_path/../Frameworks",
				);
				MTL_HEADER_SEARCH_PATHS = "$(SRCROOT)/PrimePath";
				PRODUCT_BUNDLE_IDENTIFIER = com.primes.PrimePath;
				PRODUCT_NAME = "$(TARGET_NAME)";
			};
			name = Release;
		};
/* End XCBuildConfiguration section */

/* Begin XCConfigurationList section */
		GG00000100000001 /* Build configuration list for PBXNativeTarget "PrimePath" */ = {
			isa = XCConfigurationList;
			buildConfigurations = (
				II00000300000003 /* Debug */,
				II00000400000004 /* Release */,
			);
			defaultConfigurationIsVisible = 0;
			defaultConfigurationName = Release;
		};
		GG00000200000002 /* Build configuration list for PBXProject "PrimePath" */ = {
			isa = XCConfigurationList;
			buildConfigurations = (
				II00000100000001 /* Debug */,
				II00000200000002 /* Release */,
			);
			defaultConfigurationIsVisible = 0;
			defaultConfigurationName = Release;
		};
/* End XCConfigurationList section */
	};
	rootObject = HH00000100000001 /* Project object */;
}
